
Microsoft Visual Studio Solution File, Format Version 12.00
# Visual Studio Version 17
VisualStudioVersion = 17.6.33829.357
MinimumVisualStudioVersion = 10.0.40219.1
Project("{FAE04EC0-301F-11D3-BF4B-00C04F79EFBC}") = "ServerlessProxy", "ServerlessProxy.csproj", "{FD9D7952-A8FF-4735-A7BD-49FD590D6A6B}"
EndProject
Global
	GlobalSection(SolutionConfigurationPlatforms) = preSolution
		Debug|Any CPU = Debug|Any CPU
		Release|Any CPU = Release|Any CPU
	EndGlobalSection
	GlobalSection(ProjectConfigurationPlatforms) = postSolution
		{FD9D7952-A8FF-4735-A7BD-49FD590D6A6B}.Debug|Any CPU.ActiveCfg = Debug|Any CPU
		{FD9D7952-A8FF-4735-A7BD-49FD590D6A6B}.Debug|Any CPU.Build.0 = Debug|Any CPU
		{FD9D7952-A8FF-4735-A7BD-49FD590D6A6B}.Release|Any CPU.ActiveCfg = Release|Any CPU
		{FD9D7952-A8FF-4735-A7BD-49FD590D6A6B}.Release|Any CPU.Build.0 = Release|Any CPU
	EndGlobalSection
	GlobalSection(SolutionProperties) = preSolution
		HideSolutionNode = FALSE
	EndGlobalSection
	GlobalSection(ExtensibilityGlobals) = postSolution
		SolutionGuid = {2B9E1197-609E-4221-8D9B-74F2318E5735}
	EndGlobalSection
EndGlobal
